
Microsoft Visual Studio Solution File, Format Version 12.00
# Visual Studio Version 16
VisualStudioVersion = 16.0.32106.194
MinimumVisualStudioVersion = 10.0.40219.1
Project("{FAE04EC0-301F-11D3-BF4B-00C04F79EFBC}") = "chargebackcalculator", "chargebackcalculator\chargebackcalculator.csproj", "{F2B93C9E-EA91-4DBA-AD09-C21E0A627C3C}"
EndProject
Global
	GlobalSection(SolutionConfigurationPlatforms) = preSolution
		Debug|Any CPU = Debug|Any CPU
		Release|Any CPU = Release|Any CPU
	EndGlobalSection
	GlobalSection(ProjectConfigurationPlatforms) = postSolution
		{F2B93C9E-EA91-4DBA-AD09-C21E0A627C3C}.Debug|Any CPU.ActiveCfg = Debug|Any CPU
		{F2B93C9E-EA91-4DBA-AD09-C21E0A627C3C}.Debug|Any CPU.Build.0 = Debug|Any CPU
		{F2B93C9E-EA91-4DBA-AD09-C21E0A627C3C}.Release|Any CPU.ActiveCfg = Release|Any CPU
		{F2B93C9E-EA91-4DBA-AD09-C21E0A627C3C}.Release|Any CPU.Build.0 = Release|Any CPU
	EndGlobalSection
	GlobalSection(SolutionProperties) = preSolution
		HideSolutionNode = FALSE
	EndGlobalSection
	GlobalSection(ExtensibilityGlobals) = postSolution
		SolutionGuid = {73D62533-5900-4ABD-875A-5B0C62FD78E7}
	EndGlobalSection
EndGlobal
